
Microsoft Visual Studio Solution File, Format Version 12.00
# Visual Studio 2013
VisualStudioVersion = 12.0.0.0
Project("{FAE04EC0-301F-11D3-BF4B-00C04F79EFBC}") = "server", "server\server.csproj", "{C128FE2B-2125-4C6D-ADDC-FAC5FC366078}"
EndProject
Global
	GlobalSection(ProjectConfigurationPlatforms) = postSolution
		{C128FE2B-2125-4C6D-ADDC-FAC5FC366078}.Debug|Any CPU.ActiveCfg = Debug|Any CPU
		{C128FE2B-2125-4C6D-ADDC-FAC5FC366078}.Debug|Any CPU.Build.0 = Debug|Any CPU
		{C128FE2B-2125-4C6D-ADDC-FAC5FC366078}.Release|Any CPU.ActiveCfg = Release|Any CPU
		{C128FE2B-2125-4C6D-ADDC-FAC5FC366078}.Release|Any CPU.Build.0 = Release|Any CPU
	EndGlobalSection
	GlobalSection(SolutionConfigurationPlatforms) = preSolution
		Debug|Any CPU = Debug|Any CPU
		Release|Any CPU = Release|Any CPU
	EndGlobalSection
EndGlobal
