{
    "name": "server",
    "version": "1.0.0",
    "lockfileVersion": 1,
    "requires": true,
    "dependencies": {
        "@types/clean-css": {
            "version": "3.4.30",
            "resolved": "https://registry.npmjs.org/@types/clean-css/-/clean-css-3.4.30.tgz",
            "integrity": "sha1-AFLBNvUkgAJCjjY4s33ko5gYZB0=",
            "dev": true
        },
        "@types/html-minifier": {
            "version": "3.5.2",
            "resolved": "https://registry.npmjs.org/@types/html-minifier/-/html-minifier-3.5.2.tgz",
            "integrity":
                "sha512-yikK28/KlVyf8g9i/k+TDFlteLuZ6QQTUdVqvKtzEB+8DSLCTjxfh6IK45KnW4rYFI3Y8T4LWpYJMTmfJleWaQ==",
            "dev": true,
            "requires": {
                "@types/clean-css": "3.4.30",
                "@types/relateurl": "0.2.28",
                "@types/uglify-js": "3.0.1"
            }
        },
        "@types/html-webpack-plugin": {
            "version": "2.30.3",
            "resolved": "https://registry.npmjs.org/@types/html-webpack-plugin/-/html-webpack-plugin-2.30.3.tgz",
            "integrity":
                "sha512-JV2rtu6O+PkMj30VuImbtKPgFyn1BupD3iXd/AExopv9Hets1iKE9XkFo9YnWjENllbUfNq9wRJqUmEgon5R6w==",
            "dev": true,
            "requires": {
                "@types/html-minifier": "3.5.2",
                "@types/webpack": "4.1.3"
            }
        },
        "@types/node": {
            "version": "9.6.2",
            "resolved": "https://registry.npmjs.org/@types/node/-/node-9.6.2.tgz",
            "integrity":
                "sha512-UWkRY9X7RQHp5OhhRIIka58/gVVycL1zHZu0OTsT5LI86ABaMOSbUjAl+b0FeDhQcxclrkyft3kW5QWdMRs8wQ==",
            "dev": true
        },
        "@types/relateurl": {
            "version": "0.2.28",
            "resolved": "https://registry.npmjs.org/@types/relateurl/-/relateurl-0.2.28.tgz",
            "integrity": "sha1-a9p9uGU/piZD9e5p6facEaOS46Y=",
            "dev": true
        },
        "@types/tapable": {
            "version": "1.0.1",
            "resolved": "https://registry.npmjs.org/@types/tapable/-/tapable-1.0.1.tgz",
            "integrity":
                "sha512-zRc13uGALq6rmLOYmpdI8X5TK6ATuf9jITC7iKTxaHqb/se7vBdiC8BEp1vM2VJQVSt3N53kDDzJOYeVkUKO/Q==",
            "dev": true
        },
        "@types/uglify-js": {
            "version": "3.0.1",
            "resolved": "https://registry.npmjs.org/@types/uglify-js/-/uglify-js-3.0.1.tgz",
            "integrity":
                "sha512-eWwNO88HxJonNKyxZ3dR62yle3N+aBPIsjTrPtoMcldLXGeIKAIlewNIWT4cxjZ4gy3YdBobkaKSv74HJXSzRg==",
            "dev": true,
            "requires": {
                "source-map": "0.6.1"
            }
        },
        "@types/webpack": {
            "version": "4.1.3",
            "resolved": "https://registry.npmjs.org/@types/webpack/-/webpack-4.1.3.tgz",
            "integrity":
                "sha512-NoGVTCumOsyFfuy3934f3ktiJi+wcXHJFxT47tby3iCpuo6M/WjFA9VqT5bYO+FE46i3R0N00RpJX75HxHKDaQ==",
            "dev": true,
            "requires": {
                "@types/node": "9.6.2",
                "@types/tapable": "1.0.1",
                "@types/uglify-js": "3.0.1",
                "source-map": "0.6.1"
            }
        },
        "konva": {
            "version": "2.0.2",
            "resolved": "https://registry.npmjs.org/konva/-/konva-2.0.2.tgz",
            "integrity":
                "sha512-3B/lQeJrYjDSql5plylrJF4ydqjkACWHVzUQLHbNM8L5AMa93wtEh2VJ5DqbK/uXlZylmG8+/NYwkVGM/xSPDA=="
        },
        "source-map": {
            "version": "0.6.1",
            "resolved": "https://registry.npmjs.org/source-map/-/source-map-0.6.1.tgz",
            "integrity":
                "sha512-UjgapumWlbMhkBgzT7Ykc5YXUT46F0iKu8SGXq0bcwP5dz/h0Plj6enJqjz1Zbq2l5WaqYnrVbwWOWMyF3F47g==",
            "dev": true
        }
    }
}